
Microsoft Visual Studio Solution File, Format Version 12.00
# Visual Studio 15
VisualStudioVersion = 15.0.28307.1000
MinimumVisualStudioVersion = 10.0.40219.1
Project("{FAE04EC0-301F-11D3-BF4B-00C04F79EFBC}") = "StirkaBot", "StirkaBot\StirkaBot.csproj", "{FD8172EF-B7BC-4B6A-9220-3E4C0BDCC36B}"
EndProject
Global
	GlobalSection(SolutionConfigurationPlatforms) = preSolution
		Debug|Any CPU = Debug|Any CPU
		Release|Any CPU = Release|Any CPU
	EndGlobalSection
	GlobalSection(ProjectConfigurationPlatforms) = postSolution
		{FD8172EF-B7BC-4B6A-9220-3E4C0BDCC36B}.Debug|Any CPU.ActiveCfg = Debug|Any CPU
		{FD8172EF-B7BC-4B6A-9220-3E4C0BDCC36B}.Debug|Any CPU.Build.0 = Debug|Any CPU
		{FD8172EF-B7BC-4B6A-9220-3E4C0BDCC36B}.Release|Any CPU.ActiveCfg = Release|Any CPU
		{FD8172EF-B7BC-4B6A-9220-3E4C0BDCC36B}.Release|Any CPU.Build.0 = Release|Any CPU
	EndGlobalSection
	GlobalSection(SolutionProperties) = preSolution
		HideSolutionNode = FALSE
	EndGlobalSection
	GlobalSection(ExtensibilityGlobals) = postSolution
		SolutionGuid = {FF118AA9-B340-48F2-B5B6-0CF458028D43}
	EndGlobalSection
EndGlobal
